dependencies:
  espressif/cmake_utilities:
    component_hash: 351350613ceafba240b761b4ea991e0f231ac7a9f59a9ee901f751bddc0bb18f
    source:
      service_url: https://api.components.espressif.com/
      type: service
    version: 0.5.3
  idf:
    component_hash: null
    source:
      type: idf
    version: 5.1.2
manifest_hash: d723954c1eb35300013cd63e735f2220799c718ad6d9d6d08323c2d21dbbea0f
target: esp32
version: 1.0.0
